
Microsoft Visual Studio Solution File, Format Version 12.00
# Visual Studio Version 17
VisualStudioVersion = 17.3.32901.215
MinimumVisualStudioVersion = 10.0.40219.1
Project("{9A19103F-16F7-4668-BE54-9A1E7A4F7556}") = "FirstWeekTasks", "FirstWeekTasks\FirstWeekTasks.csproj", "{CB283629-6665-4B24-BB9F-5C407D5FBF1C}"
EndProject
Project("{9A19103F-16F7-4668-BE54-9A1E7A4F7556}") = "Problem2", "Problem2\Problem2.csproj", "{16EF30F6-5EF1-4BA5-8E0C-A54B9960AFFF}"
EndProject
Project("{9A19103F-16F7-4668-BE54-9A1E7A4F7556}") = "Problem3", "Problem3\Problem3.csproj", "{81664CA0-FB57-4959-AD30-0E583A9187AB}"
EndProject
Project("{9A19103F-16F7-4668-BE54-9A1E7A4F7556}") = "Problem4", "Problem4\Problem4.csproj", "{80E81473-BDD1-429B-89E0-4DD4BCCEC7C5}"
EndProject
Project("{9A19103F-16F7-4668-BE54-9A1E7A4F7556}") = "Problem5", "Problem5\Problem5.csproj", "{84BFD10F-F8EA-4E08-B74D-EF455DCD7E27}"
EndProject
Project("{9A19103F-16F7-4668-BE54-9A1E7A4F7556}") = "Problem6", "Problem6\Problem6.csproj", "{7D404D96-A723-4A8A-A51D-7BB94C44FDB0}"
EndProject
Project("{9A19103F-16F7-4668-BE54-9A1E7A4F7556}") = "Problem7", "Problem7\Problem7.csproj", "{2BC5961E-8FD3-41CD-BC56-0882A2389441}"
EndProject
Project("{9A19103F-16F7-4668-BE54-9A1E7A4F7556}") = "Problem8", "Problem8\Problem8.csproj", "{F25C0334-8C17-4092-82A0-53C9D87AB6DE}"
EndProject
Project("{9A19103F-16F7-4668-BE54-9A1E7A4F7556}") = "Problem9", "Problem9\Problem9.csproj", "{79E4D6C2-9FC4-48B0-A6DD-A205A20DCFF3}"
EndProject
Project("{FAE04EC0-301F-11D3-BF4B-00C04F79EFBC}") = "Problem10", "Problem10\Problem10.csproj", "{14386E5C-9C32-4A85-8BEC-4A1144D5D532}"
EndProject
Global
	GlobalSection(SolutionConfigurationPlatforms) = preSolution
		Debug|Any CPU = Debug|Any CPU
		Release|Any CPU = Release|Any CPU
	EndGlobalSection
	GlobalSection(ProjectConfigurationPlatforms) = postSolution
		{CB283629-6665-4B24-BB9F-5C407D5FBF1C}.Debug|Any CPU.ActiveCfg = Debug|Any CPU
		{CB283629-6665-4B24-BB9F-5C407D5FBF1C}.Debug|Any CPU.Build.0 = Debug|Any CPU
		{CB283629-6665-4B24-BB9F-5C407D5FBF1C}.Release|Any CPU.ActiveCfg = Release|Any CPU
		{CB283629-6665-4B24-BB9F-5C407D5FBF1C}.Release|Any CPU.Build.0 = Release|Any CPU
		{16EF30F6-5EF1-4BA5-8E0C-A54B9960AFFF}.Debug|Any CPU.ActiveCfg = Debug|Any CPU
		{16EF30F6-5EF1-4BA5-8E0C-A54B9960AFFF}.Debug|Any CPU.Build.0 = Debug|Any CPU
		{16EF30F6-5EF1-4BA5-8E0C-A54B9960AFFF}.Release|Any CPU.ActiveCfg = Release|Any CPU
		{16EF30F6-5EF1-4BA5-8E0C-A54B9960AFFF}.Release|Any CPU.Build.0 = Release|Any CPU
		{81664CA0-FB57-4959-AD30-0E583A9187AB}.Debug|Any CPU.ActiveCfg = Debug|Any CPU
		{81664CA0-FB57-4959-AD30-0E583A9187AB}.Debug|Any CPU.Build.0 = Debug|Any CPU
		{81664CA0-FB57-4959-AD30-0E583A9187AB}.Release|Any CPU.ActiveCfg = Release|Any CPU
		{81664CA0-FB57-4959-AD30-0E583A9187AB}.Release|Any CPU.Build.0 = Release|Any CPU
		{80E81473-BDD1-429B-89E0-4DD4BCCEC7C5}.Debug|Any CPU.ActiveCfg = Debug|Any CPU
		{80E81473-BDD1-429B-89E0-4DD4BCCEC7C5}.Debug|Any CPU.Build.0 = Debug|Any CPU
		{80E81473-BDD1-429B-89E0-4DD4BCCEC7C5}.Release|Any CPU.ActiveCfg = Release|Any CPU
		{80E81473-BDD1-429B-89E0-4DD4BCCEC7C5}.Release|Any CPU.Build.0 = Release|Any CPU
		{84BFD10F-F8EA-4E08-B74D-EF455DCD7E27}.Debug|Any CPU.ActiveCfg = Debug|Any CPU
		{84BFD10F-F8EA-4E08-B74D-EF455DCD7E27}.Debug|Any CPU.Build.0 = Debug|Any CPU
		{84BFD10F-F8EA-4E08-B74D-EF455DCD7E27}.Release|Any CPU.ActiveCfg = Release|Any CPU
		{84BFD10F-F8EA-4E08-B74D-EF455DCD7E27}.Release|Any CPU.Build.0 = Release|Any CPU
		{7D404D96-A723-4A8A-A51D-7BB94C44FDB0}.Debug|Any CPU.ActiveCfg = Debug|Any CPU
		{7D404D96-A723-4A8A-A51D-7BB94C44FDB0}.Debug|Any CPU.Build.0 = Debug|Any CPU
		{7D404D96-A723-4A8A-A51D-7BB94C44FDB0}.Release|Any CPU.ActiveCfg = Release|Any CPU
		{7D404D96-A723-4A8A-A51D-7BB94C44FDB0}.Release|Any CPU.Build.0 = Release|Any CPU
		{2BC5961E-8FD3-41CD-BC56-0882A2389441}.Debug|Any CPU.ActiveCfg = Debug|Any CPU
		{2BC5961E-8FD3-41CD-BC56-0882A2389441}.Debug|Any CPU.Build.0 = Debug|Any CPU
		{2BC5961E-8FD3-41CD-BC56-0882A2389441}.Release|Any CPU.ActiveCfg = Release|Any CPU
		{2BC5961E-8FD3-41CD-BC56-0882A2389441}.Release|Any CPU.Build.0 = Release|Any CPU
		{F25C0334-8C17-4092-82A0-53C9D87AB6DE}.Debug|Any CPU.ActiveCfg = Debug|Any CPU
		{F25C0334-8C17-4092-82A0-53C9D87AB6DE}.Debug|Any CPU.Build.0 = Debug|Any CPU
		{F25C0334-8C17-4092-82A0-53C9D87AB6DE}.Release|Any CPU.ActiveCfg = Release|Any CPU
		{F25C0334-8C17-4092-82A0-53C9D87AB6DE}.Release|Any CPU.Build.0 = Release|Any CPU
		{79E4D6C2-9FC4-48B0-A6DD-A205A20DCFF3}.Debug|Any CPU.ActiveCfg = Debug|Any CPU
		{79E4D6C2-9FC4-48B0-A6DD-A205A20DCFF3}.Debug|Any CPU.Build.0 = Debug|Any CPU
		{79E4D6C2-9FC4-48B0-A6DD-A205A20DCFF3}.Release|Any CPU.ActiveCfg = Release|Any CPU
		{79E4D6C2-9FC4-48B0-A6DD-A205A20DCFF3}.Release|Any CPU.Build.0 = Release|Any CPU
		{14386E5C-9C32-4A85-8BEC-4A1144D5D532}.Debug|Any CPU.ActiveCfg = Debug|Any CPU
		{14386E5C-9C32-4A85-8BEC-4A1144D5D532}.Debug|Any CPU.Build.0 = Debug|Any CPU
		{14386E5C-9C32-4A85-8BEC-4A1144D5D532}.Release|Any CPU.ActiveCfg = Release|Any CPU
		{14386E5C-9C32-4A85-8BEC-4A1144D5D532}.Release|Any CPU.Build.0 = Release|Any CPU
	EndGlobalSection
	GlobalSection(SolutionProperties) = preSolution
		HideSolutionNode = FALSE
	EndGlobalSection
	GlobalSection(ExtensibilityGlobals) = postSolution
		SolutionGuid = {893B0CF3-AEB0-4850-A5D8-B6ED6FDC5999}
	EndGlobalSection
EndGlobal
